{
  "originHash" : "5f660b34facf2a3291a275a6953f60a519f79d46b9fcdf7e0a6a73cc21d0fb1d",
  "pins" : [
    {
      "identity" : "facebook-ios-sdk",
      "kind" : "remoteSourceControl",
      "location" : "https://github.com/facebook/facebook-ios-sdk.git",
      "state" : {
        "revision" : "619d1772808425faa010d92293b26eeb9bc1d630",
        "version" : "17.4.0"
      }
    },
    {
      "identity" : "reachfive-ios",
      "kind" : "remoteSourceControl",
      "location" : "https://github.com/ReachFive/reachfive-ios.git",
      "state" : {
        "revision" : "54d0c278a622eb603453dd2e9c2b4e5eebf71457",
        "version" : "10.0.0"
      }
    }
  ],
  "version" : 3
}
