{
  "originHash" : "dfbb5550ab7f64ea280916ec89e4ffa0b1264437170cb51a1c5fc7bf3f4773be",
  "pins" : [
    {
      "identity" : "alamofire",
      "kind" : "remoteSourceControl",
      "location" : "https://github.com/Alamofire/Alamofire.git",
      "state" : {
        "revision" : "513364f870f6bfc468f9d2ff0a95caccc10044c5",
        "version" : "5.10.2"
      }
    },
    {
      "identity" : "brightfutures",
      "kind" : "remoteSourceControl",
      "location" : "https://github.com/Thomvis/BrightFutures.git",
      "state" : {
        "revision" : "fa66fa183dce7196d431244d0215748cd14c5758",
        "version" : "8.2.0"
      }
    },
    {
      "identity" : "cryptoswift",
      "kind" : "remoteSourceControl",
      "location" : "https://github.com/krzyzanowskim/CryptoSwift.git",
      "state" : {
        "revision" : "678d442c6f7828def400a70ae15968aef67ef52d",
        "version" : "1.8.3"
      }
    },
    {
      "identity" : "devicekit",
      "kind" : "remoteSourceControl",
      "location" : "https://github.com/devicekit/DeviceKit.git",
      "state" : {
        "revision" : "7ff5331960151aec74fb422e1d45f54ef6cc086d",
        "version" : "5.5.0"
      }
    },
    {
      "identity" : "facebook-ios-sdk",
      "kind" : "remoteSourceControl",
      "location" : "https://github.com/facebook/facebook-ios-sdk.git",
      "state" : {
        "revision" : "619d1772808425faa010d92293b26eeb9bc1d630",
        "version" : "17.4.0"
      }
    },
    {
      "identity" : "reachfive-ios",
      "kind" : "remoteSourceControl",
      "location" : "https://github.com/ReachFive/reachfive-ios.git",
      "state" : {
        "revision" : "5960eb27691587d7162a0176c0b4838b7088ee81",
        "version" : "7.1.5"
      }
    }
  ],
  "version" : 3
}
