PODS:
  - Alamofire (5.9.1)
  - BrightFutures (8.2.0)
  - CryptoSwift (1.8.2)
  - DeviceKit (5.4.0)
  - FBAEMKit (17.0.2):
    - FBSDKCoreKit_Basics (= 17.0.2)
  - FBSDKCoreKit (17.0.2):
    - FBAEMKit (= 17.0.2)
    - FBSDKCoreKit_Basics (= 17.0.2)
  - FBSDKCoreKit_Basics (17.0.2)
  - FBSDKLoginKit (17.0.2):
    - FBSDKCoreKit (= 17.0.2)
  - Reach5 (7.0.0):
    - Alamofire (~> 5.8)
    - BrightFutures (~> 8.2.0)
    - CryptoSwift (~> 1.8)
    - DeviceKit (~> 5.1)
  - Reach5Facebook (7.0.0):
    - FBSDKCoreKit (~> 17.0.0)
    - FBSDKLoginKit (~> 17.0.0)
    - Reach5

DEPENDENCIES:
  - Reach5 (from `../reachfive-ios/Reach5.podspec`)
  - Reach5Facebook (from `Reach5Facebook.podspec`)

SPEC REPOS:
  trunk:
    - Alamofire
    - BrightFutures
    - CryptoSwift
    - DeviceKit
    - FBAEMKit
    - FBSDKCoreKit
    - FBSDKCoreKit_Basics
    - FBSDKLoginKit

EXTERNAL SOURCES:
  Reach5:
    :path: "../reachfive-ios/Reach5.podspec"
  Reach5Facebook:
    :path: Reach5Facebook.podspec

SPEC CHECKSUMS:
  Alamofire: f36a35757af4587d8e4f4bfa223ad10be2422b8c
  BrightFutures: 67e0e8cd974ab9f6c04650cc64153f7adf1ec489
  CryptoSwift: c63a805d8bb5e5538e88af4e44bb537776af11ea
  DeviceKit: bd34bb1766d926c3cc5a5f6e3e9a6dd10148b805
  FBAEMKit: 619f96ea65427e8afca240d5b0f4703738dfdf5c
  FBSDKCoreKit: a5f384db2e9ee84e98494fed8f983d2bd79accff
  FBSDKCoreKit_Basics: d35c775aaf243a2d731dfae7be3a74b1987285ab
  FBSDKLoginKit: f8ca5f7ab7c4e5b93e729d94975b0db7fcc511ed
  Reach5: ee351a9999eb418d2a31c0b26b72a9e3b7746b39
  Reach5Facebook: bad11a02729105aefc68f6db23348b6fd8465a23

PODFILE CHECKSUM: b27ab82e7fbd33410b00251493dba7e7353c2c11

COCOAPODS: 1.15.2
